// !$*UTF8*$!
{
	archiveVersion = 1;
	classes = {
	};
	objectVersion = 46;
	objects = {

/* Begin PBXBuildFile section */
		58D93BFA136EC84700A38556 /* UIKit.framework in Frameworks */ = {isa = PBXBuildFile; fileRef = 58D93BF9136EC84700A38556 /* UIKit.framework */; };
		58D93BFC136EC84700A38556 /* Foundation.framework in Frameworks */ = {isa = PBXBuildFile; fileRef = 58D93BFB136EC84700A38556 /* Foundation.framework */; };
		58D93BFE136EC84700A38556 /* CoreGraphics.framework in Frameworks */ = {isa = PBXBuildFile; fileRef = 58D93BFD136EC84700A38556 /* CoreGraphics.framework */; };
		58D93C00136EC84700A38556 /* CoreData.framework in Frameworks */ = {isa = PBXBuildFile; fileRef = 58D93BFF136EC84700A38556 /* CoreData.framework */; };
		58D93C06136EC84700A38556 /* InfoPlist.strings in Resources */ = {isa = PBXBuildFile; fileRef = 58D93C04136EC84700A38556 /* InfoPlist.strings */; };
		58D93C09136EC84700A38556 /* main.m in Sources */ = {isa = PBXBuildFile; fileRef = 58D93C08136EC84700A38556 /* main.m */; };
		58D93C0C136EC84700A38556 /* SampleNewsAppAppDelegate.m in Sources */ = {isa = PBXBuildFile; fileRef = 58D93C0B136EC84700A38556 /* SampleNewsAppAppDelegate.m */; };
		58D93C0F136EC84700A38556 /* SampleNewsApp.xcdatamodeld in Sources */ = {isa = PBXBuildFile; fileRef = 58D93C0D136EC84700A38556 /* SampleNewsApp.xcdatamodeld */; };
		58D93C12136EC84700A38556 /* MainWindow.xib in Resources */ = {isa = PBXBuildFile; fileRef = 58D93C10136EC84700A38556 /* MainWindow.xib */; };
		58D93C15136EC84700A38556 /* RootViewController.m in Sources */ = {isa = PBXBuildFile; fileRef = 58D93C14136EC84700A38556 /* RootViewController.m */; };
		58D93C18136EC84700A38556 /* RootViewController.xib in Resources */ = {isa = PBXBuildFile; fileRef = 58D93C16136EC84700A38556 /* RootViewController.xib */; };
		58D93C27136ED18400A38556 /* CDataScanner.m in Sources */ = {isa = PBXBuildFile; fileRef = 58D93C26136ED18400A38556 /* CDataScanner.m */; };
		58D93C30136ED20B00A38556 /* CJSONDeserializer.m in Sources */ = {isa = PBXBuildFile; fileRef = 58D93C2A136ED20B00A38556 /* CJSONDeserializer.m */; };
		58D93C31136ED20B00A38556 /* CJSONScanner.m in Sources */ = {isa = PBXBuildFile; fileRef = 58D93C2C136ED20B00A38556 /* CJSONScanner.m */; };
		58D93C32136ED20B00A38556 /* CJSONSerializer.m in Sources */ = {isa = PBXBuildFile; fileRef = 58D93C2E136ED20B00A38556 /* CJSONSerializer.m */; };
		58D93C3F136ED25700A38556 /* CDataScanner_Extensions.m in Sources */ = {isa = PBXBuildFile; fileRef = 58D93C3C136ED25700A38556 /* CDataScanner_Extensions.m */; };
		58D93C40136ED25700A38556 /* NSDictionary_JSONExtensions.m in Sources */ = {isa = PBXBuildFile; fileRef = 58D93C3E136ED25700A38556 /* NSDictionary_JSONExtensions.m */; };
		58D93C43136ED39D00A38556 /* NewsItem.m in Sources */ = {isa = PBXBuildFile; fileRef = 58D93C42136ED39D00A38556 /* NewsItem.m */; };
/* End PBXBuildFile section */

/* Begin PBXFileReference section */
		58D93BF5136EC84700A38556 /* SampleNewsApp.app */ = {isa = PBXFileReference; explicitFileType = wrapper.application; includeInIndex = 0; path = SampleNewsApp.app; sourceTree = BUILT_PRODUCTS_DIR; };
		58D93BF9136EC84700A38556 /* UIKit.framework */ = {isa = PBXFileReference; lastKnownFileType = wrapper.framework; name = UIKit.framework; path = System/Library/Frameworks/UIKit.framework; sourceTree = SDKROOT; };
		58D93BFB136EC84700A38556 /* Foundation.framework */ = {isa = PBXFileReference; lastKnownFileType = wrapper.framework; name = Foundation.framework; path = System/Library/Frameworks/Foundation.framework; sourceTree = SDKROOT; };
		58D93BFD136EC84700A38556 /* CoreGraphics.framework */ = {isa = PBXFileReference; lastKnownFileType = wrapper.framework; name = CoreGraphics.framework; path = System/Library/Frameworks/CoreGraphics.framework; sourceTree = SDKROOT; };
		58D93BFF136EC84700A38556 /* CoreData.framework */ = {isa = PBXFileReference; lastKnownFileType = wrapper.framework; name = CoreData.framework; path = System/Library/Frameworks/CoreData.framework; sourceTree = SDKROOT; };
		58D93C03136EC84700A38556 /* SampleNewsApp-Info.plist */ = {isa = PBXFileReference; lastKnownFileType = text.plist.xml; path = "SampleNewsApp-Info.plist"; sourceTree = "<group>"; };
		58D93C05136EC84700A38556 /* en */ = {isa = PBXFileReference; lastKnownFileType = text.plist.strings; name = en; path = en.lproj/InfoPlist.strings; sourceTree = "<group>"; };
		58D93C07136EC84700A38556 /* SampleNewsApp-Prefix.pch */ = {isa = PBXFileReference; lastKnownFileType = sourcecode.c.h; path = "SampleNewsApp-Prefix.pch"; sourceTree = "<group>"; };
		58D93C08136EC84700A38556 /* main.m */ = {isa = PBXFileReference; lastKnownFileType = sourcecode.c.objc; path = main.m; sourceTree = "<group>"; };
		58D93C0A136EC84700A38556 /* SampleNewsAppAppDelegate.h */ = {isa = PBXFileReference; lastKnownFileType = sourcecode.c.h; path = SampleNewsAppAppDelegate.h; sourceTree = "<group>"; };
		58D93C0B136EC84700A38556 /* SampleNewsAppAppDelegate.m */ = {isa = PBXFileReference; lastKnownFileType = sourcecode.c.objc; path = SampleNewsAppAppDelegate.m; sourceTree = "<group>"; };
		58D93C0E136EC84700A38556 /* SampleNewsApp.xcdatamodel */ = {isa = PBXFileReference; lastKnownFileType = wrapper.xcdatamodel; path = SampleNewsApp.xcdatamodel; sourceTree = "<group>"; };
		58D93C11136EC84700A38556 /* en */ = {isa = PBXFileReference; lastKnownFileType = file.xib; name = en; path = en.lproj/MainWindow.xib; sourceTree = "<group>"; };
		58D93C13136EC84700A38556 /* RootViewController.h */ = {isa = PBXFileReference; lastKnownFileType = sourcecode.c.h; path = RootViewController.h; sourceTree = "<group>"; };
		58D93C14136EC84700A38556 /* RootViewController.m */ = {isa = PBXFileReference; lastKnownFileType = sourcecode.c.objc; path = RootViewController.m; sourceTree = "<group>"; };
		58D93C17136EC84700A38556 /* en */ = {isa = PBXFileReference; lastKnownFileType = file.xib; name = en; path = en.lproj/RootViewController.xib; sourceTree = "<group>"; };
		58D93C25136ED18400A38556 /* CDataScanner.h */ = {isa = PBXFileReference; fileEncoding = 4; lastKnownFileType = sourcecode.c.h; path = CDataScanner.h; sourceTree = "<group>"; };
		58D93C26136ED18400A38556 /* CDataScanner.m */ = {isa = PBXFileReference; fileEncoding = 4; lastKnownFileType = sourcecode.c.objc; path = CDataScanner.m; sourceTree = "<group>"; };
		58D93C29136ED20B00A38556 /* CJSONDeserializer.h */ = {isa = PBXFileReference; fileEncoding = 4; lastKnownFileType = sourcecode.c.h; path = CJSONDeserializer.h; sourceTree = "<group>"; };
		58D93C2A136ED20B00A38556 /* CJSONDeserializer.m */ = {isa = PBXFileReference; fileEncoding = 4; lastKnownFileType = sourcecode.c.objc; path = CJSONDeserializer.m; sourceTree = "<group>"; };
		58D93C2B136ED20B00A38556 /* CJSONScanner.h */ = {isa = PBXFileReference; fileEncoding = 4; lastKnownFileType = sourcecode.c.h; path = CJSONScanner.h; sourceTree = "<group>"; };
		58D93C2C136ED20B00A38556 /* CJSONScanner.m */ = {isa = PBXFileReference; fileEncoding = 4; lastKnownFileType = sourcecode.c.objc; path = CJSONScanner.m; sourceTree = "<group>"; };
		58D93C2D136ED20B00A38556 /* CJSONSerializer.h */ = {isa = PBXFileReference; fileEncoding = 4; lastKnownFileType = sourcecode.c.h; path = CJSONSerializer.h; sourceTree = "<group>"; };
		58D93C2E136ED20B00A38556 /* CJSONSerializer.m */ = {isa = PBXFileReference; fileEncoding = 4; lastKnownFileType = sourcecode.c.objc; path = CJSONSerializer.m; sourceTree = "<group>"; };
		58D93C2F136ED20B00A38556 /* JSONRepresentation.h */ = {isa = PBXFileReference; fileEncoding = 4; lastKnownFileType = sourcecode.c.h; path = JSONRepresentation.h; sourceTree = "<group>"; };
		58D93C3B136ED25700A38556 /* CDataScanner_Extensions.h */ = {isa = PBXFileReference; fileEncoding = 4; lastKnownFileType = sourcecode.c.h; path = CDataScanner_Extensions.h; sourceTree = "<group>"; };
		58D93C3C136ED25700A38556 /* CDataScanner_Extensions.m */ = {isa = PBXFileReference; fileEncoding = 4; lastKnownFileType = sourcecode.c.objc; path = CDataScanner_Extensions.m; sourceTree = "<group>"; };
		58D93C3D136ED25700A38556 /* NSDictionary_JSONExtensions.h */ = {isa = PBXFileReference; fileEncoding = 4; lastKnownFileType = sourcecode.c.h; path = NSDictionary_JSONExtensions.h; sourceTree = "<group>"; };
		58D93C3E136ED25700A38556 /* NSDictionary_JSONExtensions.m */ = {isa = PBXFileReference; fileEncoding = 4; lastKnownFileType = sourcecode.c.objc; path = NSDictionary_JSONExtensions.m; sourceTree = "<group>"; };
		58D93C41136ED39D00A38556 /* NewsItem.h */ = {isa = PBXFileReference; fileEncoding = 4; lastKnownFileType = sourcecode.c.h; path = NewsItem.h; sourceTree = "<group>"; };
		58D93C42136ED39D00A38556 /* NewsItem.m */ = {isa = PBXFileReference; fileEncoding = 4; lastKnownFileType = sourcecode.c.objc; path = NewsItem.m; sourceTree = "<group>"; };
/* End PBXFileReference section */

/* Begin PBXFrameworksBuildPhase section */
		58D93BF2136EC84700A38556 /* Frameworks */ = {
			isa = PBXFrameworksBuildPhase;
			buildActionMask = 2147483647;
			files = (
				58D93BFA136EC84700A38556 /* UIKit.framework in Frameworks */,
				58D93BFC136EC84700A38556 /* Foundation.framework in Frameworks */,
				58D93BFE136EC84700A38556 /* CoreGraphics.framework in Frameworks */,
				58D93C00136EC84700A38556 /* CoreData.framework in Frameworks */,
			);
			runOnlyForDeploymentPostprocessing = 0;
		};
/* End PBXFrameworksBuildPhase section */

/* Begin PBXGroup section */
		58D93BEA136EC84600A38556 = {
			isa = PBXGroup;
			children = (
				58D93C24136ED06500A38556 /* TouchJSON */,
				58D93C01136EC84700A38556 /* SampleNewsApp */,
				58D93BF8136EC84700A38556 /* Frameworks */,
				58D93BF6136EC84700A38556 /* Products */,
			);
			sourceTree = "<group>";
		};
		58D93BF6136EC84700A38556 /* Products */ = {
			isa = PBXGroup;
			children = (
				58D93BF5136EC84700A38556 /* SampleNewsApp.app */,
			);
			name = Products;
			sourceTree = "<group>";
		};
		58D93BF8136EC84700A38556 /* Frameworks */ = {
			isa = PBXGroup;
			children = (
				58D93BF9136EC84700A38556 /* UIKit.framework */,
				58D93BFB136EC84700A38556 /* Foundation.framework */,
				58D93BFD136EC84700A38556 /* CoreGraphics.framework */,
				58D93BFF136EC84700A38556 /* CoreData.framework */,
			);
			name = Frameworks;
			sourceTree = "<group>";
		};
		58D93C01136EC84700A38556 /* SampleNewsApp */ = {
			isa = PBXGroup;
			children = (
				58D93C41136ED39D00A38556 /* NewsItem.h */,
				58D93C42136ED39D00A38556 /* NewsItem.m */,
				58D93C13136EC84700A38556 /* RootViewController.h */,
				58D93C14136EC84700A38556 /* RootViewController.m */,
				58D93C0A136EC84700A38556 /* SampleNewsAppAppDelegate.h */,
				58D93C0B136EC84700A38556 /* SampleNewsAppAppDelegate.m */,
				58D93C44136ED4E800A38556 /* Resources */,
				58D93C02136EC84700A38556 /* Supporting Files */,
			);
			path = SampleNewsApp;
			sourceTree = "<group>";
		};
		58D93C02136EC84700A38556 /* Supporting Files */ = {
			isa = PBXGroup;
			children = (
				58D93C03136EC84700A38556 /* SampleNewsApp-Info.plist */,
				58D93C04136EC84700A38556 /* InfoPlist.strings */,
				58D93C07136EC84700A38556 /* SampleNewsApp-Prefix.pch */,
				58D93C08136EC84700A38556 /* main.m */,
			);
			name = "Supporting Files";
			sourceTree = "<group>";
		};
		58D93C24136ED06500A38556 /* TouchJSON */ = {
			isa = PBXGroup;
			children = (
				58D93C3A136ED25700A38556 /* Extensions */,
				58D93C28136ED20B00A38556 /* JSON */,
				58D93C25136ED18400A38556 /* CDataScanner.h */,
				58D93C26136ED18400A38556 /* CDataScanner.m */,
			);
			path = TouchJSON;
			sourceTree = "<group>";
		};
		58D93C28136ED20B00A38556 /* JSON */ = {
			isa = PBXGroup;
			children = (
				58D93C29136ED20B00A38556 /* CJSONDeserializer.h */,
				58D93C2A136ED20B00A38556 /* CJSONDeserializer.m */,
				58D93C2B136ED20B00A38556 /* CJSONScanner.h */,
				58D93C2C136ED20B00A38556 /* CJSONScanner.m */,
				58D93C2D136ED20B00A38556 /* CJSONSerializer.h */,
				58D93C2E136ED20B00A38556 /* CJSONSerializer.m */,
				58D93C2F136ED20B00A38556 /* JSONRepresentation.h */,
			);
			path = JSON;
			sourceTree = "<group>";
		};
		58D93C3A136ED25700A38556 /* Extensions */ = {
			isa = PBXGroup;
			children = (
				58D93C3B136ED25700A38556 /* CDataScanner_Extensions.h */,
				58D93C3C136ED25700A38556 /* CDataScanner_Extensions.m */,
				58D93C3D136ED25700A38556 /* NSDictionary_JSONExtensions.h */,
				58D93C3E136ED25700A38556 /* NSDictionary_JSONExtensions.m */,
			);
			path = Extensions;
			sourceTree = "<group>";
		};
		58D93C44136ED4E800A38556 /* Resources */ = {
			isa = PBXGroup;
			children = (
				58D93C10136EC84700A38556 /* MainWindow.xib */,
				58D93C16136EC84700A38556 /* RootViewController.xib */,
				58D93C0D136EC84700A38556 /* SampleNewsApp.xcdatamodeld */,
			);
			name = Resources;
			sourceTree = "<group>";
		};
/* End PBXGroup section */

/* Begin PBXNativeTarget section */
		58D93BF4136EC84700A38556 /* SampleNewsApp */ = {
			isa = PBXNativeTarget;
			buildConfigurationList = 58D93C1B136EC84700A38556 /* Build configuration list for PBXNativeTarget "SampleNewsApp" */;
			buildPhases = (
				58D93BF1136EC84700A38556 /* Sources */,
				58D93BF2136EC84700A38556 /* Frameworks */,
				58D93BF3136EC84700A38556 /* Resources */,
			);
			buildRules = (
			);
			dependencies = (
			);
			name = SampleNewsApp;
			productName = SampleNewsApp;
			productReference = 58D93BF5136EC84700A38556 /* SampleNewsApp.app */;
			productType = "com.apple.product-type.application";
		};
/* End PBXNativeTarget section */

/* Begin PBXProject section */
		58D93BEC136EC84600A38556 /* Project object */ = {
			isa = PBXProject;
			attributes = {
				ORGANIZATIONNAME = "OPITZ CONSULTING GmbH";
			};
			buildConfigurationList = 58D93BEF136EC84600A38556 /* Build configuration list for PBXProject "SampleNewsApp" */;
			compatibilityVersion = "Xcode 3.2";
			developmentRegion = English;
			hasScannedForEncodings = 0;
			knownRegions = (
				en,
			);
			mainGroup = 58D93BEA136EC84600A38556;
			productRefGroup = 58D93BF6136EC84700A38556 /* Products */;
			projectDirPath = "";
			projectRoot = "";
			targets = (
				58D93BF4136EC84700A38556 /* SampleNewsApp */,
			);
		};
/* End PBXProject section */

/* Begin PBXResourcesBuildPhase section */
		58D93BF3136EC84700A38556 /* Resources */ = {
			isa = PBXResourcesBuildPhase;
			buildActionMask = 2147483647;
			files = (
				58D93C06136EC84700A38556 /* InfoPlist.strings in Resources */,
				58D93C12136EC84700A38556 /* MainWindow.xib in Resources */,
				58D93C18136EC84700A38556 /* RootViewController.xib in Resources */,
			);
			runOnlyForDeploymentPostprocessing = 0;
		};
/* End PBXResourcesBuildPhase section */

/* Begin PBXSourcesBuildPhase section */
		58D93BF1136EC84700A38556 /* Sources */ = {
			isa = PBXSourcesBuildPhase;
			buildActionMask = 2147483647;
			files = (
				58D93C09136EC84700A38556 /* main.m in Sources */,
				58D93C0C136EC84700A38556 /* SampleNewsAppAppDelegate.m in Sources */,
				58D93C0F136EC84700A38556 /* SampleNewsApp.xcdatamodeld in Sources */,
				58D93C15136EC84700A38556 /* RootViewController.m in Sources */,
				58D93C27136ED18400A38556 /* CDataScanner.m in Sources */,
				58D93C30136ED20B00A38556 /* CJSONDeserializer.m in Sources */,
				58D93C31136ED20B00A38556 /* CJSONScanner.m in Sources */,
				58D93C32136ED20B00A38556 /* CJSONSerializer.m in Sources */,
				58D93C3F136ED25700A38556 /* CDataScanner_Extensions.m in Sources */,
				58D93C40136ED25700A38556 /* NSDictionary_JSONExtensions.m in Sources */,
				58D93C43136ED39D00A38556 /* NewsItem.m in Sources */,
			);
			runOnlyForDeploymentPostprocessing = 0;
		};
/* End PBXSourcesBuildPhase section */

/* Begin PBXVariantGroup section */
		58D93C04136EC84700A38556 /* InfoPlist.strings */ = {
			isa = PBXVariantGroup;
			children = (
				58D93C05136EC84700A38556 /* en */,
			);
			name = InfoPlist.strings;
			sourceTree = "<group>";
		};
		58D93C10136EC84700A38556 /* MainWindow.xib */ = {
			isa = PBXVariantGroup;
			children = (
				58D93C11136EC84700A38556 /* en */,
			);
			name = MainWindow.xib;
			sourceTree = "<group>";
		};
		58D93C16136EC84700A38556 /* RootViewController.xib */ = {
			isa = PBXVariantGroup;
			children = (
				58D93C17136EC84700A38556 /* en */,
			);
			name = RootViewController.xib;
			sourceTree = "<group>";
		};
/* End PBXVariantGroup section */

/* Begin XCBuildConfiguration section */
		58D93C19136EC84700A38556 /* Debug */ = {
			isa = XCBuildConfiguration;
			buildSettings = {
				ARCHS = "$(ARCHS_STANDARD_32_BIT)";
				"CODE_SIGN_IDENTITY[sdk=iphoneos*]" = "iPhone Developer";
				GCC_C_LANGUAGE_STANDARD = gnu99;
				GCC_OPTIMIZATION_LEVEL = 0;
				GCC_PREPROCESSOR_DEFINITIONS = DEBUG;
				GCC_SYMBOLS_PRIVATE_EXTERN = NO;
				GCC_VERSION = com.apple.compilers.llvmgcc42;
				GCC_WARN_ABOUT_RETURN_TYPE = YES;
				GCC_WARN_UNUSED_VARIABLE = YES;
				IPHONEOS_DEPLOYMENT_TARGET = 4.3;
				SDKROOT = iphoneos;
			};
			name = Debug;
		};
		58D93C1A136EC84700A38556 /* Release */ = {
			isa = XCBuildConfiguration;
			buildSettings = {
				ARCHS = "$(ARCHS_STANDARD_32_BIT)";
				"CODE_SIGN_IDENTITY[sdk=iphoneos*]" = "iPhone Developer";
				GCC_C_LANGUAGE_STANDARD = gnu99;
				GCC_VERSION = com.apple.compilers.llvmgcc42;
				GCC_WARN_ABOUT_RETURN_TYPE = YES;
				GCC_WARN_UNUSED_VARIABLE = YES;
				IPHONEOS_DEPLOYMENT_TARGET = 4.3;
				OTHER_CFLAGS = "-DNS_BLOCK_ASSERTIONS=1";
				SDKROOT = iphoneos;
			};
			name = Release;
		};
		58D93C1C136EC84700A38556 /* Debug */ = {
			isa = XCBuildConfiguration;
			buildSettings = {
				ALWAYS_SEARCH_USER_PATHS = NO;
				COPY_PHASE_STRIP = NO;
				GCC_DYNAMIC_NO_PIC = NO;
				GCC_PRECOMPILE_PREFIX_HEADER = YES;
				GCC_PREFIX_HEADER = "SampleNewsApp/SampleNewsApp-Prefix.pch";
				INFOPLIST_FILE = "SampleNewsApp/SampleNewsApp-Info.plist";
				PRODUCT_NAME = "$(TARGET_NAME)";
				WRAPPER_EXTENSION = app;
			};
			name = Debug;
		};
		58D93C1D136EC84700A38556 /* Release */ = {
			isa = XCBuildConfiguration;
			buildSettings = {
				ALWAYS_SEARCH_USER_PATHS = NO;
				COPY_PHASE_STRIP = YES;
				GCC_PRECOMPILE_PREFIX_HEADER = YES;
				GCC_PREFIX_HEADER = "SampleNewsApp/SampleNewsApp-Prefix.pch";
				INFOPLIST_FILE = "SampleNewsApp/SampleNewsApp-Info.plist";
				PRODUCT_NAME = "$(TARGET_NAME)";
				VALIDATE_PRODUCT = YES;
				WRAPPER_EXTENSION = app;
			};
			name = Release;
		};
/* End XCBuildConfiguration section */

/* Begin XCConfigurationList section */
		58D93BEF136EC84600A38556 /* Build configuration list for PBXProject "SampleNewsApp" */ = {
			isa = XCConfigurationList;
			buildConfigurations = (
				58D93C19136EC84700A38556 /* Debug */,
				58D93C1A136EC84700A38556 /* Release */,
			);
			defaultConfigurationIsVisible = 0;
			defaultConfigurationName = Release;
		};
		58D93C1B136EC84700A38556 /* Build configuration list for PBXNativeTarget "SampleNewsApp" */ = {
			isa = XCConfigurationList;
			buildConfigurations = (
				58D93C1C136EC84700A38556 /* Debug */,
				58D93C1D136EC84700A38556 /* Release */,
			);
			defaultConfigurationIsVisible = 0;
		};
/* End XCConfigurationList section */

/* Begin XCVersionGroup section */
		58D93C0D136EC84700A38556 /* SampleNewsApp.xcdatamodeld */ = {
			isa = XCVersionGroup;
			children = (
				58D93C0E136EC84700A38556 /* SampleNewsApp.xcdatamodel */,
			);
			currentVersion = 58D93C0E136EC84700A38556 /* SampleNewsApp.xcdatamodel */;
			path = SampleNewsApp.xcdatamodeld;
			sourceTree = "<group>";
			versionGroupType = wrapper.xcdatamodel;
		};
/* End XCVersionGroup section */
	};
	rootObject = 58D93BEC136EC84600A38556 /* Project object */;
}
